
Microsoft Visual Studio Solution File, Format Version 12.00
# Visual Studio 15
VisualStudioVersion = 15.0.28307.1300
MinimumVisualStudioVersion = 10.0.40219.1
Project("{9A19103F-16F7-4668-BE54-9A1E7A4F7556}") = "GraduateStudent.WebUI", "GraduateStudent.WebUI\GraduateStudent.WebUI.csproj", "{6E0FCF4B-5F77-4906-82E6-FF9257548CF4}"
EndProject
Project("{9A19103F-16F7-4668-BE54-9A1E7A4F7556}") = "GraduateStudent.Bll", "GraduateStudent.Bll\GraduateStudent.Bll.csproj", "{C8119194-ED1B-4F5E-B8D5-A36700BA0F8E}"
EndProject
Project("{9A19103F-16F7-4668-BE54-9A1E7A4F7556}") = "GraduateStudent.Dal", "GraduateStudent.Dal\GraduateStudent.Dal.csproj", "{509595F1-78CC-418F-B05A-A8917F036CF3}"
EndProject
Project("{9A19103F-16F7-4668-BE54-9A1E7A4F7556}") = "GraduateStudent.Entities", "GraduateStudent.Entities\GraduateStudent.Entities.csproj", "{061F0149-4BC5-4E9D-A95D-E97158115521}"
EndProject
Project("{9A19103F-16F7-4668-BE54-9A1E7A4F7556}") = "GraduateStudent.Core", "GraduateStudent.Core\GraduateStudent.Core.csproj", "{50768DB2-EFE9-4175-99B8-6C804544DCCD}"
EndProject
Global
	GlobalSection(SolutionConfigurationPlatforms) = preSolution
		Debug|Any CPU = Debug|Any CPU
		Release|Any CPU = Release|Any CPU
	EndGlobalSection
	GlobalSection(ProjectConfigurationPlatforms) = postSolution
		{6E0FCF4B-5F77-4906-82E6-FF9257548CF4}.Debug|Any CPU.ActiveCfg = Debug|Any CPU
		{6E0FCF4B-5F77-4906-82E6-FF9257548CF4}.Debug|Any CPU.Build.0 = Debug|Any CPU
		{6E0FCF4B-5F77-4906-82E6-FF9257548CF4}.Release|Any CPU.ActiveCfg = Release|Any CPU
		{6E0FCF4B-5F77-4906-82E6-FF9257548CF4}.Release|Any CPU.Build.0 = Release|Any CPU
		{C8119194-ED1B-4F5E-B8D5-A36700BA0F8E}.Debug|Any CPU.ActiveCfg = Debug|Any CPU
		{C8119194-ED1B-4F5E-B8D5-A36700BA0F8E}.Debug|Any CPU.Build.0 = Debug|Any CPU
		{C8119194-ED1B-4F5E-B8D5-A36700BA0F8E}.Release|Any CPU.ActiveCfg = Release|Any CPU
		{C8119194-ED1B-4F5E-B8D5-A36700BA0F8E}.Release|Any CPU.Build.0 = Release|Any CPU
		{509595F1-78CC-418F-B05A-A8917F036CF3}.Debug|Any CPU.ActiveCfg = Debug|Any CPU
		{509595F1-78CC-418F-B05A-A8917F036CF3}.Debug|Any CPU.Build.0 = Debug|Any CPU
		{509595F1-78CC-418F-B05A-A8917F036CF3}.Release|Any CPU.ActiveCfg = Release|Any CPU
		{509595F1-78CC-418F-B05A-A8917F036CF3}.Release|Any CPU.Build.0 = Release|Any CPU
		{061F0149-4BC5-4E9D-A95D-E97158115521}.Debug|Any CPU.ActiveCfg = Debug|Any CPU
		{061F0149-4BC5-4E9D-A95D-E97158115521}.Debug|Any CPU.Build.0 = Debug|Any CPU
		{061F0149-4BC5-4E9D-A95D-E97158115521}.Release|Any CPU.ActiveCfg = Release|Any CPU
		{061F0149-4BC5-4E9D-A95D-E97158115521}.Release|Any CPU.Build.0 = Release|Any CPU
		{50768DB2-EFE9-4175-99B8-6C804544DCCD}.Debug|Any CPU.ActiveCfg = Debug|Any CPU
		{50768DB2-EFE9-4175-99B8-6C804544DCCD}.Debug|Any CPU.Build.0 = Debug|Any CPU
		{50768DB2-EFE9-4175-99B8-6C804544DCCD}.Release|Any CPU.ActiveCfg = Release|Any CPU
		{50768DB2-EFE9-4175-99B8-6C804544DCCD}.Release|Any CPU.Build.0 = Release|Any CPU
	EndGlobalSection
	GlobalSection(SolutionProperties) = preSolution
		HideSolutionNode = FALSE
	EndGlobalSection
	GlobalSection(ExtensibilityGlobals) = postSolution
		SolutionGuid = {73BAE915-66DC-4D65-8C6E-51102D79D9FD}
	EndGlobalSection
EndGlobal
